{
  "name": "@kshitij_npm/sell_upload",
  "version": "1.0.0",
  "lockfileVersion": 3,
  "requires": true,
  "packages": {
    "": {
      "name": "@kshitij_npm/sell_upload",
      "version": "1.0.0",
      "license": "ISC",
      "dependencies": {
        "cloudinary": "^2.7.0",
        "datauri": "^4.1.0",
        "dotenv": "^17.2.0"
      }
    },
    "node_modules/cloudinary": {
      "version": "2.7.0",
      "resolved": "https://registry.npmjs.org/cloudinary/-/cloudinary-2.7.0.tgz",
      "integrity": "sha512-qrqDn31+qkMCzKu1GfRpzPNAO86jchcNwEHCUiqvPHNSFqu7FTNF9FuAkBUyvM1CFFgFPu64NT0DyeREwLwK0w==",
      "license": "MIT",
      "dependencies": {
        "lodash": "^4.17.21",
        "q": "^1.5.1"
      },
      "engines": {
        "node": ">=9"
      }
    },
    "node_modules/datauri": {
      "version": "4.1.0",
      "resolved": "https://registry.npmjs.org/datauri/-/datauri-4.1.0.tgz",
      "integrity": "sha512-y17kh32+I82G+ED9MNWFkZiP/Cq/vO1hN9+tSZsT9C9qn3NrvcBnh7crSepg0AQPge1hXx2Ca44s1FRdv0gFWA==",
      "license": "MIT",
      "dependencies": {
        "image-size": "1.0.0",
        "mimer": "^2.0.2"
      },
      "engines": {
        "node": ">= 10"
      }
    },
    "node_modules/dotenv": {
      "version": "17.2.0",
      "resolved": "https://registry.npmjs.org/dotenv/-/dotenv-17.2.0.tgz",
      "integrity": "sha512-Q4sgBT60gzd0BB0lSyYD3xM4YxrXA9y4uBDof1JNYGzOXrQdQ6yX+7XIAqoFOGQFOTK1D3Hts5OllpxMDZFONQ==",
      "license": "BSD-2-Clause",
      "engines": {
        "node": ">=12"
      },
      "funding": {
        "url": "https://dotenvx.com"
      }
    },
    "node_modules/image-size": {
      "version": "1.0.0",
      "resolved": "https://registry.npmjs.org/image-size/-/image-size-1.0.0.tgz",
      "integrity": "sha512-JLJ6OwBfO1KcA+TvJT+v8gbE6iWbj24LyDNFgFEN0lzegn6cC6a/p3NIDaepMsJjQjlUWqIC7wJv8lBFxPNjcw==",
      "license": "MIT",
      "dependencies": {
        "queue": "6.0.2"
      },
      "bin": {
        "image-size": "bin/image-size.js"
      },
      "engines": {
        "node": ">=12.0.0"
      }
    },
    "node_modules/inherits": {
      "version": "2.0.4",
      "resolved": "https://registry.npmjs.org/inherits/-/inherits-2.0.4.tgz",
      "integrity": "sha512-k/vGaX4/Yla3WzyMCvTQOXYeIHvqOKtnqBduzTHpzpQZzAskKMhZ2K+EnBiSM9zGSoIFeMpXKxa4dYeZIQqewQ==",
      "license": "ISC"
    },
    "node_modules/lodash": {
      "version": "4.17.21",
      "resolved": "https://registry.npmjs.org/lodash/-/lodash-4.17.21.tgz",
      "integrity": "sha512-v2kDEe57lecTulaDIuNTPy3Ry4gLGJ6Z1O3vE1krgXZNrsQ+LFTGHVxVjcXPs17LhbZVGedAJv8XZ1tvj5FvSg==",
      "license": "MIT"
    },
    "node_modules/mimer": {
      "version": "2.0.2",
      "resolved": "https://registry.npmjs.org/mimer/-/mimer-2.0.2.tgz",
      "integrity": "sha512-izxvjsB7Ur5HrTbPu6VKTrzxSMBFBqyZQc6dWlZNQ4/wAvf886fD4lrjtFd8IQ8/WmZKdxKjUtqFFNaj3hQ52g==",
      "license": "MIT",
      "bin": {
        "mimer": "bin/mimer"
      },
      "engines": {
        "node": ">= 12"
      }
    },
    "node_modules/q": {
      "version": "1.5.1",
      "resolved": "https://registry.npmjs.org/q/-/q-1.5.1.tgz",
      "integrity": "sha512-kV/CThkXo6xyFEZUugw/+pIOywXcDbFYgSct5cT3gqlbkBE1SJdwy6UQoZvodiWF/ckQLZyDE/Bu1M6gVu5lVw==",
      "deprecated": "You or someone you depend on is using Q, the JavaScript Promise library that gave JavaScript developers strong feelings about promises. They can almost certainly migrate to the native JavaScript promise now. Thank you literally everyone for joining me in this bet against the odds. Be excellent to each other.\n\n(For a CapTP with native promises, see @endo/eventual-send and @endo/captp)",
      "license": "MIT",
      "engines": {
        "node": ">=0.6.0",
        "teleport": ">=0.2.0"
      }
    },
    "node_modules/queue": {
      "version": "6.0.2",
      "resolved": "https://registry.npmjs.org/queue/-/queue-6.0.2.tgz",
      "integrity": "sha512-iHZWu+q3IdFZFX36ro/lKBkSvfkztY5Y7HMiPlOUjhupPcG2JMfst2KKEpu5XndviX/3UhFbRngUPNKtgvtZiA==",
      "license": "MIT",
      "dependencies": {
        "inherits": "~2.0.3"
      }
    }
  }
}
